github.com/leaf-gentlemen/zinx v1.0.0 h1:iZkJa7xIfwtPstAlukYlLuFbIVpxBSMkob1sU/JCDwQ=
github.com/leaf-gentlemen/zinx v1.0.0/go.mod h1:phsUqfIcJVYveYe8DWWavZBj5xKK24bDaPzV7IwECLg=
github.com/leaf-gentlemen/zinx v1.0.1 h1:VX13MKBBIwkLFn3fW4jCF83BS2Z5MmVayLUzo2C9zvs=
github.com/leaf-gentlemen/zinx v1.0.1/go.mod h1:phsUqfIcJVYveYe8DWWavZBj5xKK24bDaPzV7IwECLg=
